
Microsoft Visual Studio Solution File, Format Version 12.00
# Visual Studio Version 17
VisualStudioVersion = 17.14.36623.8 d17.14
MinimumVisualStudioVersion = 10.0.40219.1
Project("{FAE04EC0-301F-11D3-BF4B-00C04F79EFBC}") = "MvcTaskNum2", "MvcTaskNum2\MvcTaskNum2.csproj", "{392F5323-4265-4243-99C1-7AC88A3CED4A}"
EndProject
Global
	GlobalSection(SolutionConfigurationPlatforms) = preSolution
		Debug|Any CPU = Debug|Any CPU
		Release|Any CPU = Release|Any CPU
	EndGlobalSection
	GlobalSection(ProjectConfigurationPlatforms) = postSolution
		{392F5323-4265-4243-99C1-7AC88A3CED4A}.Debug|Any CPU.ActiveCfg = Debug|Any CPU
		{392F5323-4265-4243-99C1-7AC88A3CED4A}.Debug|Any CPU.Build.0 = Debug|Any CPU
		{392F5323-4265-4243-99C1-7AC88A3CED4A}.Release|Any CPU.ActiveCfg = Release|Any CPU
		{392F5323-4265-4243-99C1-7AC88A3CED4A}.Release|Any CPU.Build.0 = Release|Any CPU
	EndGlobalSection
	GlobalSection(SolutionProperties) = preSolution
		HideSolutionNode = FALSE
	EndGlobalSection
	GlobalSection(ExtensibilityGlobals) = postSolution
		SolutionGuid = {4560D272-D638-46CB-9CF0-5DB3474DE421}
	EndGlobalSection
EndGlobal
